
Microsoft Visual Studio Solution File, Format Version 12.00
# Visual Studio Version 17
VisualStudioVersion = 17.1.32228.430
MinimumVisualStudioVersion = 10.0.40219.1
Project("{9A19103F-16F7-4668-BE54-9A1E7A4F7556}") = "CESMII.ProfileDesigner.Api", "api\CESMII.ProfileDesigner.Api\CESMII.ProfileDesigner.Api.csproj", "{CDD61462-A968-4984-8630-A7B17ECA155C}"
EndProject
Project("{9A19103F-16F7-4668-BE54-9A1E7A4F7556}") = "CESMII.ProfileDesigner.Common", "api\CESMII.ProfileDesigner.Common\CESMII.ProfileDesigner.Common.csproj", "{B35F4C01-9B33-47AA-8B37-312E8E146243}"
EndProject
Project("{9A19103F-16F7-4668-BE54-9A1E7A4F7556}") = "CESMII.ProfileDesigner.DAL", "api\CESMII.ProfileDesigner.DAL\CESMII.ProfileDesigner.DAL.csproj", "{6BBF6BFD-458B-46F8-A555-8112EEBC193B}"
EndProject
Project("{9A19103F-16F7-4668-BE54-9A1E7A4F7556}") = "CESMII.ProfileDesigner.Data", "api\CESMII.ProfileDesigner.Data\CESMII.ProfileDesigner.Data.csproj", "{6F2C3BD9-1616-4CA4-8E14-EE40508A9C2B}"
EndProject
Project("{9A19103F-16F7-4668-BE54-9A1E7A4F7556}") = "CESMII.ProfileDesigner.Api.Shared", "api\CESMII.ProfileDesigner.Api.Shared\CESMII.ProfileDesigner.Api.Shared.csproj", "{29F952CA-8705-4C4F-9E63-3D90875730EE}"
EndProject
Project("{9A19103F-16F7-4668-BE54-9A1E7A4F7556}") = "CESMII.ProfileDesigner.OpcUa", "api\CESMII.ProfileDesigner.OpcUa\CESMII.ProfileDesigner.OpcUa.csproj", "{07185277-5193-4BEE-B9BB-CC6927190D7B}"
EndProject
Project("{2150E333-8FDC-42A3-9474-1A3956D46DE8}") = "Tests", "Tests", "{D9B30B71-CBEE-4F9E-A78F-763624DF697F}"
EndProject
Project("{9A19103F-16F7-4668-BE54-9A1E7A4F7556}") = "CESMII.ProfileDesigner.Api.Tests", "api\Tests\CESMII.ProfileDesigner.Api.Tests\CESMII.ProfileDesigner.Api.Tests.csproj", "{6BEE6B16-6160-457C-83A5-EF6C834E2BC2}"
EndProject
Project("{2150E333-8FDC-42A3-9474-1A3956D46DE8}") = "OPC Nodeset Model", "OPC Nodeset Model", "{DDCADBA3-E4C8-4ABA-945B-5E26B6D95483}"
EndProject
Project("{9A19103F-16F7-4668-BE54-9A1E7A4F7556}") = "CESMII.OpcUa.CloudLibraryResolver", "api\CESMII.OpcUa.CloudLibraryResolver\CESMII.OpcUa.CloudLibraryResolver.csproj", "{AB22D528-C781-43F4-BB65-FCC3FFAAFC82}"
EndProject
Project("{9A19103F-16F7-4668-BE54-9A1E7A4F7556}") = "CESMII.OpcUa.CloudLibraryResolver.DependencyInjection", "api\CESMII.OpcUa.CloudLibraryResolver.DependencyInjection\CESMII.OpcUa.CloudLibraryResolver.DependencyInjection.csproj", "{FA2B77D7-79E8-4815-90E6-1A1DFD755A9A}"
EndProject
Project("{9A19103F-16F7-4668-BE54-9A1E7A4F7556}") = "Opc.Ua.Cloud.Library.Client", "common\Opc.Ua.Cloud.Library.Client\Opc.Ua.Cloud.Library.Client.csproj", "{A94716E0-17B6-4FFE-BFAB-23C9582B4ABD}"
EndProject
Project("{54A90642-561A-4BB1-A94E-469ADEE60C69}") = "frontend", "frontend\frontend.esproj", "{E82C3AA8-E104-49B3-9402-C1ABF3C2B5DA}"
EndProject
Project("{2150E333-8FDC-42A3-9474-1A3956D46DE8}") = "build", "build", "{B6529603-0293-4237-AD64-9A918FF75574}"
	ProjectSection(SolutionItems) = preProject
		.gitignore = .gitignore
		.github\workflows\backend-publish-azure.yml = .github\workflows\backend-publish-azure.yml
		.github\workflows\backend-publish-stage-azure.yml = .github\workflows\backend-publish-stage-azure.yml
		deployment.md = deployment.md
		Directory.Build.targets = Directory.Build.targets
		.github\workflows\frontend-publish-azure.yml = .github\workflows\frontend-publish-azure.yml
		.github\workflows\frontend-publish-stage-azure.yml = .github\workflows\frontend-publish-stage-azure.yml
		LICENSE = LICENSE
		README.md = README.md
		.github\workflows\sonar-cloud-scan-stage.yml = .github\workflows\sonar-cloud-scan-stage.yml
		.github\workflows\sonar-cloud-scan.yml = .github\workflows\sonar-cloud-scan.yml
		.github\workflows\tests.yml = .github\workflows\tests.yml
	EndProjectSection
EndProject
Project("{9A19103F-16F7-4668-BE54-9A1E7A4F7556}") = "CESMII.Common.CloudLibClient", "common\CESMII.Common.CloudLibClient\CESMII.Common.CloudLibClient.csproj", "{B25AC5CD-A337-4302-ACEA-5C7FF320B649}"
EndProject
Project("{9A19103F-16F7-4668-BE54-9A1E7A4F7556}") = "CESMII.OpcUa.NodeSetModel.Factory.Smip", "api\SmipJson\CESMII.OpcUa.NodeSetModel.Factory.Smip\CESMII.OpcUa.NodeSetModel.Factory.Smip.csproj", "{9912DF0C-A034-400A-8A78-1D925402AA34}"
EndProject
Project("{2150E333-8FDC-42A3-9474-1A3956D46DE8}") = "SmipJson", "SmipJson", "{32887CE8-03AE-45A1-BF45-00AFC71637A0}"
EndProject
Project("{9A19103F-16F7-4668-BE54-9A1E7A4F7556}") = "CESMII.Common.SelfServiceSignUp", "common\CESMII.Common.SelfServiceSignUp\CESMII.Common.SelfServiceSignUp.csproj", "{EC9943CD-4E5E-4835-AA5D-45520C78D146}"
EndProject
Project("{9A19103F-16F7-4668-BE54-9A1E7A4F7556}") = "CESMII.OpcUa.NodeSetModel", "..\..\CESMII-NodeSet-Utilities\src\CESMII.OpcUa.NodeSetModel\CESMII.OpcUa.NodeSetModel.csproj", "{571A97D4-1D21-40C0-92B3-5DF8C6BFD8FE}"
EndProject
Project("{9A19103F-16F7-4668-BE54-9A1E7A4F7556}") = "CESMII.OpcUa.NodeSetModel.Factory.Opc", "..\..\CESMII-NodeSet-Utilities\src\CESMII.OpcUa.NodeSetModel.Factory.Opc\CESMII.OpcUa.NodeSetModel.Factory.Opc.csproj", "{B90017A5-0BDA-429B-88DF-F220056E1ADF}"
EndProject
Project("{9A19103F-16F7-4668-BE54-9A1E7A4F7556}") = "CESMII.OpcUa.NodeSetImporter", "..\..\CESMII-NodeSet-Utilities\src\CESMII.OpcUa.NodeSetImporter\CESMII.OpcUa.NodeSetImporter.csproj", "{9A406BBE-4518-4F86-8CED-FE072E24C687}"
EndProject
Project("{9A19103F-16F7-4668-BE54-9A1E7A4F7556}") = "NO___OPCFoundation.NetStandard.Opc.Ua.Core", "..\..\UA-.NETStandard\Stack\Opc.Ua.Core\Opc.Ua.Core.csproj", "{B8167033-CFB2-4380-B4FF-030550AE9F69}"
EndProject
Project("{9A19103F-16F7-4668-BE54-9A1E7A4F7556}") = "Opc.Ua.Security.Certificates", "..\..\UA-.NETStandard\Libraries\Opc.Ua.Security.Certificates\Opc.Ua.Security.Certificates.csproj", "{A59BF868-8612-4FF3-B926-61D444FE2CF5}"
EndProject
Project("{9A19103F-16F7-4668-BE54-9A1E7A4F7556}") = "CESMII.OpcUa.NodeSetDiff", "..\..\CESMII-NodeSet-Utilities\src\Tests\NodeSetDiffLibrary\CESMII.OpcUa.NodeSetDiff.csproj", "{96F7CF98-E62E-4EA4-8FB3-07673534E6CC}"
EndProject
Global
	GlobalSection(SolutionConfigurationPlatforms) = preSolution
		Debug|Any CPU = Debug|Any CPU
		Release|Any CPU = Release|Any CPU
		Staging|Any CPU = Staging|Any CPU
	EndGlobalSection
	GlobalSection(ProjectConfigurationPlatforms) = postSolution
		{CDD61462-A968-4984-8630-A7B17ECA155C}.Debug|Any CPU.ActiveCfg = Debug|Any CPU
		{CDD61462-A968-4984-8630-A7B17ECA155C}.Debug|Any CPU.Build.0 = Debug|Any CPU
		{CDD61462-A968-4984-8630-A7B17ECA155C}.Release|Any CPU.ActiveCfg = Release|Any CPU
		{CDD61462-A968-4984-8630-A7B17ECA155C}.Release|Any CPU.Build.0 = Release|Any CPU
		{CDD61462-A968-4984-8630-A7B17ECA155C}.Staging|Any CPU.ActiveCfg = Staging|Any CPU
		{CDD61462-A968-4984-8630-A7B17ECA155C}.Staging|Any CPU.Build.0 = Staging|Any CPU
		{B35F4C01-9B33-47AA-8B37-312E8E146243}.Debug|Any CPU.ActiveCfg = Debug|Any CPU
		{B35F4C01-9B33-47AA-8B37-312E8E146243}.Debug|Any CPU.Build.0 = Debug|Any CPU
		{B35F4C01-9B33-47AA-8B37-312E8E146243}.Release|Any CPU.ActiveCfg = Release|Any CPU
		{B35F4C01-9B33-47AA-8B37-312E8E146243}.Release|Any CPU.Build.0 = Release|Any CPU
		{B35F4C01-9B33-47AA-8B37-312E8E146243}.Staging|Any CPU.ActiveCfg = Staging|Any CPU
		{B35F4C01-9B33-47AA-8B37-312E8E146243}.Staging|Any CPU.Build.0 = Staging|Any CPU
		{6BBF6BFD-458B-46F8-A555-8112EEBC193B}.Debug|Any CPU.ActiveCfg = Debug|Any CPU
		{6BBF6BFD-458B-46F8-A555-8112EEBC193B}.Debug|Any CPU.Build.0 = Debug|Any CPU
		{6BBF6BFD-458B-46F8-A555-8112EEBC193B}.Release|Any CPU.ActiveCfg = Release|Any CPU
		{6BBF6BFD-458B-46F8-A555-8112EEBC193B}.Release|Any CPU.Build.0 = Release|Any CPU
		{6BBF6BFD-458B-46F8-A555-8112EEBC193B}.Staging|Any CPU.ActiveCfg = Staging|Any CPU
		{6BBF6BFD-458B-46F8-A555-8112EEBC193B}.Staging|Any CPU.Build.0 = Staging|Any CPU
		{6F2C3BD9-1616-4CA4-8E14-EE40508A9C2B}.Debug|Any CPU.ActiveCfg = Debug|Any CPU
		{6F2C3BD9-1616-4CA4-8E14-EE40508A9C2B}.Debug|Any CPU.Build.0 = Debug|Any CPU
		{6F2C3BD9-1616-4CA4-8E14-EE40508A9C2B}.Release|Any CPU.ActiveCfg = Release|Any CPU
		{6F2C3BD9-1616-4CA4-8E14-EE40508A9C2B}.Release|Any CPU.Build.0 = Release|Any CPU
		{6F2C3BD9-1616-4CA4-8E14-EE40508A9C2B}.Staging|Any CPU.ActiveCfg = Staging|Any CPU
		{6F2C3BD9-1616-4CA4-8E14-EE40508A9C2B}.Staging|Any CPU.Build.0 = Staging|Any CPU
		{29F952CA-8705-4C4F-9E63-3D90875730EE}.Debug|Any CPU.ActiveCfg = Debug|Any CPU
		{29F952CA-8705-4C4F-9E63-3D90875730EE}.Debug|Any CPU.Build.0 = Debug|Any CPU
		{29F952CA-8705-4C4F-9E63-3D90875730EE}.Release|Any CPU.ActiveCfg = Release|Any CPU
		{29F952CA-8705-4C4F-9E63-3D90875730EE}.Release|Any CPU.Build.0 = Release|Any CPU
		{29F952CA-8705-4C4F-9E63-3D90875730EE}.Staging|Any CPU.ActiveCfg = Staging|Any CPU
		{29F952CA-8705-4C4F-9E63-3D90875730EE}.Staging|Any CPU.Build.0 = Staging|Any CPU
		{07185277-5193-4BEE-B9BB-CC6927190D7B}.Debug|Any CPU.ActiveCfg = Debug|Any CPU
		{07185277-5193-4BEE-B9BB-CC6927190D7B}.Debug|Any CPU.Build.0 = Debug|Any CPU
		{07185277-5193-4BEE-B9BB-CC6927190D7B}.Release|Any CPU.ActiveCfg = Release|Any CPU
		{07185277-5193-4BEE-B9BB-CC6927190D7B}.Release|Any CPU.Build.0 = Release|Any CPU
		{07185277-5193-4BEE-B9BB-CC6927190D7B}.Staging|Any CPU.ActiveCfg = Staging|Any CPU
		{07185277-5193-4BEE-B9BB-CC6927190D7B}.Staging|Any CPU.Build.0 = Staging|Any CPU
		{6BEE6B16-6160-457C-83A5-EF6C834E2BC2}.Debug|Any CPU.ActiveCfg = Debug|Any CPU
		{6BEE6B16-6160-457C-83A5-EF6C834E2BC2}.Debug|Any CPU.Build.0 = Debug|Any CPU
		{6BEE6B16-6160-457C-83A5-EF6C834E2BC2}.Release|Any CPU.ActiveCfg = Release|Any CPU
		{6BEE6B16-6160-457C-83A5-EF6C834E2BC2}.Release|Any CPU.Build.0 = Release|Any CPU
		{6BEE6B16-6160-457C-83A5-EF6C834E2BC2}.Staging|Any CPU.ActiveCfg = Debug|Any CPU
		{6BEE6B16-6160-457C-83A5-EF6C834E2BC2}.Staging|Any CPU.Build.0 = Debug|Any CPU
		{AB22D528-C781-43F4-BB65-FCC3FFAAFC82}.Debug|Any CPU.ActiveCfg = Debug|Any CPU
		{AB22D528-C781-43F4-BB65-FCC3FFAAFC82}.Debug|Any CPU.Build.0 = Debug|Any CPU
		{AB22D528-C781-43F4-BB65-FCC3FFAAFC82}.Release|Any CPU.ActiveCfg = Release|Any CPU
		{AB22D528-C781-43F4-BB65-FCC3FFAAFC82}.Release|Any CPU.Build.0 = Release|Any CPU
		{AB22D528-C781-43F4-BB65-FCC3FFAAFC82}.Staging|Any CPU.ActiveCfg = Staging|Any CPU
		{AB22D528-C781-43F4-BB65-FCC3FFAAFC82}.Staging|Any CPU.Build.0 = Staging|Any CPU
		{FA2B77D7-79E8-4815-90E6-1A1DFD755A9A}.Debug|Any CPU.ActiveCfg = Debug|Any CPU
		{FA2B77D7-79E8-4815-90E6-1A1DFD755A9A}.Debug|Any CPU.Build.0 = Debug|Any CPU
		{FA2B77D7-79E8-4815-90E6-1A1DFD755A9A}.Release|Any CPU.ActiveCfg = Release|Any CPU
		{FA2B77D7-79E8-4815-90E6-1A1DFD755A9A}.Release|Any CPU.Build.0 = Release|Any CPU
		{FA2B77D7-79E8-4815-90E6-1A1DFD755A9A}.Staging|Any CPU.ActiveCfg = Staging|Any CPU
		{FA2B77D7-79E8-4815-90E6-1A1DFD755A9A}.Staging|Any CPU.Build.0 = Staging|Any CPU
		{A94716E0-17B6-4FFE-BFAB-23C9582B4ABD}.Debug|Any CPU.ActiveCfg = Debug|Any CPU
		{A94716E0-17B6-4FFE-BFAB-23C9582B4ABD}.Debug|Any CPU.Build.0 = Debug|Any CPU
		{A94716E0-17B6-4FFE-BFAB-23C9582B4ABD}.Release|Any CPU.ActiveCfg = Release|Any CPU
		{A94716E0-17B6-4FFE-BFAB-23C9582B4ABD}.Release|Any CPU.Build.0 = Release|Any CPU
		{A94716E0-17B6-4FFE-BFAB-23C9582B4ABD}.Staging|Any CPU.ActiveCfg = Debug|Any CPU
		{A94716E0-17B6-4FFE-BFAB-23C9582B4ABD}.Staging|Any CPU.Build.0 = Debug|Any CPU
		{E82C3AA8-E104-49B3-9402-C1ABF3C2B5DA}.Debug|Any CPU.ActiveCfg = Debug|Any CPU
		{E82C3AA8-E104-49B3-9402-C1ABF3C2B5DA}.Debug|Any CPU.Build.0 = Debug|Any CPU
		{E82C3AA8-E104-49B3-9402-C1ABF3C2B5DA}.Debug|Any CPU.Deploy.0 = Debug|Any CPU
		{E82C3AA8-E104-49B3-9402-C1ABF3C2B5DA}.Release|Any CPU.ActiveCfg = Release|Any CPU
		{E82C3AA8-E104-49B3-9402-C1ABF3C2B5DA}.Staging|Any CPU.ActiveCfg = Release|Any CPU
		{B25AC5CD-A337-4302-ACEA-5C7FF320B649}.Debug|Any CPU.ActiveCfg = Debug|Any CPU
		{B25AC5CD-A337-4302-ACEA-5C7FF320B649}.Debug|Any CPU.Build.0 = Debug|Any CPU
		{B25AC5CD-A337-4302-ACEA-5C7FF320B649}.Release|Any CPU.ActiveCfg = Release|Any CPU
		{B25AC5CD-A337-4302-ACEA-5C7FF320B649}.Release|Any CPU.Build.0 = Release|Any CPU
		{B25AC5CD-A337-4302-ACEA-5C7FF320B649}.Staging|Any CPU.ActiveCfg = Debug|Any CPU
		{B25AC5CD-A337-4302-ACEA-5C7FF320B649}.Staging|Any CPU.Build.0 = Debug|Any CPU
		{9912DF0C-A034-400A-8A78-1D925402AA34}.Debug|Any CPU.ActiveCfg = Debug|Any CPU
		{9912DF0C-A034-400A-8A78-1D925402AA34}.Debug|Any CPU.Build.0 = Debug|Any CPU
		{9912DF0C-A034-400A-8A78-1D925402AA34}.Release|Any CPU.ActiveCfg = Release|Any CPU
		{9912DF0C-A034-400A-8A78-1D925402AA34}.Release|Any CPU.Build.0 = Release|Any CPU
		{9912DF0C-A034-400A-8A78-1D925402AA34}.Staging|Any CPU.ActiveCfg = Staging|Any CPU
		{9912DF0C-A034-400A-8A78-1D925402AA34}.Staging|Any CPU.Build.0 = Staging|Any CPU
		{EC9943CD-4E5E-4835-AA5D-45520C78D146}.Debug|Any CPU.ActiveCfg = Debug|Any CPU
		{EC9943CD-4E5E-4835-AA5D-45520C78D146}.Debug|Any CPU.Build.0 = Debug|Any CPU
		{EC9943CD-4E5E-4835-AA5D-45520C78D146}.Release|Any CPU.ActiveCfg = Release|Any CPU
		{EC9943CD-4E5E-4835-AA5D-45520C78D146}.Release|Any CPU.Build.0 = Release|Any CPU
		{EC9943CD-4E5E-4835-AA5D-45520C78D146}.Staging|Any CPU.ActiveCfg = Debug|Any CPU
		{EC9943CD-4E5E-4835-AA5D-45520C78D146}.Staging|Any CPU.Build.0 = Debug|Any CPU
		{571A97D4-1D21-40C0-92B3-5DF8C6BFD8FE}.Debug|Any CPU.ActiveCfg = Debug|Any CPU
		{571A97D4-1D21-40C0-92B3-5DF8C6BFD8FE}.Debug|Any CPU.Build.0 = Debug|Any CPU
		{571A97D4-1D21-40C0-92B3-5DF8C6BFD8FE}.Release|Any CPU.ActiveCfg = Release|Any CPU
		{571A97D4-1D21-40C0-92B3-5DF8C6BFD8FE}.Release|Any CPU.Build.0 = Release|Any CPU
		{571A97D4-1D21-40C0-92B3-5DF8C6BFD8FE}.Staging|Any CPU.ActiveCfg = Staging|Any CPU
		{571A97D4-1D21-40C0-92B3-5DF8C6BFD8FE}.Staging|Any CPU.Build.0 = Staging|Any CPU
		{B90017A5-0BDA-429B-88DF-F220056E1ADF}.Debug|Any CPU.ActiveCfg = Debug|Any CPU
		{B90017A5-0BDA-429B-88DF-F220056E1ADF}.Debug|Any CPU.Build.0 = Debug|Any CPU
		{B90017A5-0BDA-429B-88DF-F220056E1ADF}.Release|Any CPU.ActiveCfg = Release|Any CPU
		{B90017A5-0BDA-429B-88DF-F220056E1ADF}.Release|Any CPU.Build.0 = Release|Any CPU
		{B90017A5-0BDA-429B-88DF-F220056E1ADF}.Staging|Any CPU.ActiveCfg = Staging|Any CPU
		{B90017A5-0BDA-429B-88DF-F220056E1ADF}.Staging|Any CPU.Build.0 = Staging|Any CPU
		{9A406BBE-4518-4F86-8CED-FE072E24C687}.Debug|Any CPU.ActiveCfg = Debug|Any CPU
		{9A406BBE-4518-4F86-8CED-FE072E24C687}.Debug|Any CPU.Build.0 = Debug|Any CPU
		{9A406BBE-4518-4F86-8CED-FE072E24C687}.Release|Any CPU.ActiveCfg = Release|Any CPU
		{9A406BBE-4518-4F86-8CED-FE072E24C687}.Release|Any CPU.Build.0 = Release|Any CPU
		{9A406BBE-4518-4F86-8CED-FE072E24C687}.Staging|Any CPU.ActiveCfg = Staging|Any CPU
		{9A406BBE-4518-4F86-8CED-FE072E24C687}.Staging|Any CPU.Build.0 = Staging|Any CPU
		{B8167033-CFB2-4380-B4FF-030550AE9F69}.Debug|Any CPU.ActiveCfg = Debug|Any CPU
		{B8167033-CFB2-4380-B4FF-030550AE9F69}.Debug|Any CPU.Build.0 = Debug|Any CPU
		{B8167033-CFB2-4380-B4FF-030550AE9F69}.Release|Any CPU.ActiveCfg = Release|Any CPU
		{B8167033-CFB2-4380-B4FF-030550AE9F69}.Release|Any CPU.Build.0 = Release|Any CPU
		{B8167033-CFB2-4380-B4FF-030550AE9F69}.Staging|Any CPU.ActiveCfg = Debug|Any CPU
		{B8167033-CFB2-4380-B4FF-030550AE9F69}.Staging|Any CPU.Build.0 = Debug|Any CPU
		{A59BF868-8612-4FF3-B926-61D444FE2CF5}.Debug|Any CPU.ActiveCfg = Debug|Any CPU
		{A59BF868-8612-4FF3-B926-61D444FE2CF5}.Debug|Any CPU.Build.0 = Debug|Any CPU
		{A59BF868-8612-4FF3-B926-61D444FE2CF5}.Release|Any CPU.ActiveCfg = Release|Any CPU
		{A59BF868-8612-4FF3-B926-61D444FE2CF5}.Release|Any CPU.Build.0 = Release|Any CPU
		{A59BF868-8612-4FF3-B926-61D444FE2CF5}.Staging|Any CPU.ActiveCfg = Debug|Any CPU
		{A59BF868-8612-4FF3-B926-61D444FE2CF5}.Staging|Any CPU.Build.0 = Debug|Any CPU
		{96F7CF98-E62E-4EA4-8FB3-07673534E6CC}.Debug|Any CPU.ActiveCfg = Debug|Any CPU
		{96F7CF98-E62E-4EA4-8FB3-07673534E6CC}.Debug|Any CPU.Build.0 = Debug|Any CPU
		{96F7CF98-E62E-4EA4-8FB3-07673534E6CC}.Release|Any CPU.ActiveCfg = Release|Any CPU
		{96F7CF98-E62E-4EA4-8FB3-07673534E6CC}.Release|Any CPU.Build.0 = Release|Any CPU
		{96F7CF98-E62E-4EA4-8FB3-07673534E6CC}.Staging|Any CPU.ActiveCfg = Debug|Any CPU
		{96F7CF98-E62E-4EA4-8FB3-07673534E6CC}.Staging|Any CPU.Build.0 = Debug|Any CPU
	EndGlobalSection
	GlobalSection(SolutionProperties) = preSolution
		HideSolutionNode = FALSE
	EndGlobalSection
	GlobalSection(NestedProjects) = preSolution
		{6BEE6B16-6160-457C-83A5-EF6C834E2BC2} = {D9B30B71-CBEE-4F9E-A78F-763624DF697F}
		{9912DF0C-A034-400A-8A78-1D925402AA34} = {32887CE8-03AE-45A1-BF45-00AFC71637A0}
		{571A97D4-1D21-40C0-92B3-5DF8C6BFD8FE} = {DDCADBA3-E4C8-4ABA-945B-5E26B6D95483}
		{B90017A5-0BDA-429B-88DF-F220056E1ADF} = {DDCADBA3-E4C8-4ABA-945B-5E26B6D95483}
		{9A406BBE-4518-4F86-8CED-FE072E24C687} = {DDCADBA3-E4C8-4ABA-945B-5E26B6D95483}
		{B8167033-CFB2-4380-B4FF-030550AE9F69} = {DDCADBA3-E4C8-4ABA-945B-5E26B6D95483}
		{A59BF868-8612-4FF3-B926-61D444FE2CF5} = {DDCADBA3-E4C8-4ABA-945B-5E26B6D95483}
		{96F7CF98-E62E-4EA4-8FB3-07673534E6CC} = {DDCADBA3-E4C8-4ABA-945B-5E26B6D95483}
	EndGlobalSection
	GlobalSection(ExtensibilityGlobals) = postSolution
		SolutionGuid = {EF0E4430-01EF-4B7E-B557-44810661C81A}
	EndGlobalSection
EndGlobal
